{
  "name": "flat-arc",
  "version": "1.0.0",
  "lockfileVersion": 1,
  "requires": true,
  "dependencies": {
    "commander": {
      "version": "2.20.3",
      "resolved": "https://registry.npmjs.org/commander/-/commander-2.20.3.tgz",
      "integrity": "sha512-GpVkmM8vF2vQUkj2LvZmD35JxeJOLCwJ9cUkugyk2nuhbv3+mJvpLYYt+0+USMxE+oj+ey/lJEnhZw75x/OMcQ=="
    },
    "dxf": {
      "version": "4.2.2",
      "resolved": "https://registry.npmjs.org/dxf/-/dxf-4.2.2.tgz",
      "integrity": "sha512-RWZaiCfvdEl4AZlSSMfxc0nRMQ/kkkTkR1ahwO1cg4ZPUtdjAELZ1Uu91dg0uFkwyA7MLrsSCdxgD1Lvg/75Lw==",
      "requires": {
        "commander": "^2.17.1",
        "lodash": "^4.17.14",
        "pretty-data": "^0.40.0",
        "round10": "^1.0.3",
        "vecks": "^3.7.2"
      }
    },
    "lodash": {
      "version": "4.17.19",
      "resolved": "https://registry.npmjs.org/lodash/-/lodash-4.17.19.tgz",
      "integrity": "sha512-JNvd8XER9GQX0v2qJgsaN/mzFCNA5BRe/j8JN9d+tWyGLSodKQHKFicdwNYzWwI3wjRnaKPsGj1XkBjx/F96DQ=="
    },
    "pretty-data": {
      "version": "0.40.0",
      "resolved": "https://registry.npmjs.org/pretty-data/-/pretty-data-0.40.0.tgz",
      "integrity": "sha1-Vyqo6iNGdGerlLa1Jmpv2cj93XI="
    },
    "round10": {
      "version": "1.0.3",
      "resolved": "https://registry.npmjs.org/round10/-/round10-1.0.3.tgz",
      "integrity": "sha1-hhEPRqEIdKGTHaf91eBtGFeo5NA="
    },
    "vecks": {
      "version": "3.8.5",
      "resolved": "https://registry.npmjs.org/vecks/-/vecks-3.8.5.tgz",
      "integrity": "sha512-XnkARu4rED0H7bs4n+1bql5GTPB5ZfbsFrn82xvhJyCB8obssqLfjMcHM3X/yQw/Ri7NEkbaBrZVzf4dSfINDQ=="
    }
  }
}
